<?xml version="1.0" encoding="utf-8"?>
<Project ToolsVersion="4.0" xmlns="http://schemas.microsoft.com/developer/msbuild/2003">
  <ItemGroup>
    <Filter Include="Source Files">
      <UniqueIdentifier>{4FC737F1-C7A5-4376-A066-2A32D752A2FF}</UniqueIdentifier>
      <Extensions>cpp;c;cc;cxx;c++;cppm;ixx;def;odl;idl;hpj;bat;asm;asmx</Extensions>
    </Filter>
    <Filter Include="Header Files">
      <UniqueIdentifier>{93995380-89BD-4b04-88EB-625FBE52EBFB}</UniqueIdentifier>
      <Extensions>h;hh;hpp;hxx;h++;hm;inl;inc;ipp;xsd</Extensions>
    </Filter>
    <Filter Include="Resource Files">
      <UniqueIdentifier>{67DA6AB6-F800-4c08-8B7A-83BB121AAD01}</UniqueIdentifier>
      <Extensions>rc;ico;cur;bmp;dlg;rc2;rct;bin;rgs;gif;jpg;jpeg;jpe;resx;tiff;tif;png;wav;mfcribbon-ms</Extensions>
    </Filter>
    <Filter Include="Meshes">
      <UniqueIdentifier>{7363cfde-1dec-4b5d-8cdb-885d959096cf}</UniqueIdentifier>
    </Filter>
    <Filter Include="Meshes\VAOManager">
      <UniqueIdentifier>{9c49d9a9-b755-49c1-b325-578cb87428de}</UniqueIdentifier>
    </Filter>
    <Filter Include="ShaderManager">
      <UniqueIdentifier>{23dc325f-7240-4341-a389-a17ac0057680}</UniqueIdentifier>
    </Filter>
    <Filter Include="LightManager">
      <UniqueIdentifier>{41e80836-8372-424f-baec-eeb3812307a7}</UniqueIdentifier>
    </Filter>
    <Filter Include="Camera">
      <UniqueIdentifier>{ab0f1c27-da50-46f7-9871-d61ad29217bd}</UniqueIdentifier>
    </Filter>
    <Filter Include="Debug">
      <UniqueIdentifier>{457dec28-0daf-48d2-b1ad-491de1f941af}</UniqueIdentifier>
    </Filter>
    <Filter Include="Debug\JSON">
      <UniqueIdentifier>{bf5f11b6-dbd6-43cb-9e7d-e03a79674fd5}</UniqueIdentifier>
    </Filter>
    <Filter Include="TextureManager">
      <UniqueIdentifier>{f863f424-2900-4f74-9045-3ac38b3172b5}</UniqueIdentifier>
    </Filter>
    <Filter Include="Commands And Adjencent">
      <UniqueIdentifier>{dae30c82-7e11-46cb-b1b0-41919a86723a}</UniqueIdentifier>
    </Filter>
    <Filter Include="PlayerStuff">
      <UniqueIdentifier>{9dd95982-4f48-466d-839e-cc66314c6626}</UniqueIdentifier>
    </Filter>
    <Filter Include="Commands And Adjencent\Entities">
      <UniqueIdentifier>{3fe51c16-ef47-45e2-bfda-6ee63ee110d8}</UniqueIdentifier>
    </Filter>
    <Filter Include="Loader">
      <UniqueIdentifier>{8d1e6659-1cfa-486b-9946-0537fd7e77ba}</UniqueIdentifier>
    </Filter>
    <Filter Include="ExternConfig">
      <UniqueIdentifier>{19aee410-b1cf-4355-b1e0-c8812fcda688}</UniqueIdentifier>
    </Filter>
    <Filter Include="SceneStuff">
      <UniqueIdentifier>{c073172d-b8c0-4864-98af-d57f6fdbbac4}</UniqueIdentifier>
    </Filter>
    <Filter Include="LuCaSstuFF">
      <UniqueIdentifier>{42d5456a-1ef9-43e7-ad03-b9f184ac8543}</UniqueIdentifier>
    </Filter>
  </ItemGroup>
  <ItemGroup>
    <ClCompile Include="theMain.cpp">
      <Filter>Source Files</Filter>
    </ClCompile>
    <ClCompile Include="glad.c">
      <Filter>Source Files</Filter>
    </ClCompile>
    <ClCompile Include="TheMainBlackscreenOnly.cpp">
      <Filter>Source Files</Filter>
    </ClCompile>
    <ClCompile Include="MyMainBackup.cpp">
      <Filter>Source Files</Filter>
    </ClCompile>
    <ClCompile Include="Mesh.cpp">
      <Filter>Meshes</Filter>
    </ClCompile>
    <ClCompile Include="VAOManager.cpp">
      <Filter>Meshes\VAOManager</Filter>
    </ClCompile>
    <ClCompile Include="ShaderManager.cpp">
      <Filter>ShaderManager</Filter>
    </ClCompile>
    <ClCompile Include="Shader.cpp">
      <Filter>ShaderManager</Filter>
    </ClCompile>
    <ClCompile Include="LightHelper.cpp">
      <Filter>LightManager</Filter>
    </ClCompile>
    <ClCompile Include="LightManager.cpp">
      <Filter>LightManager</Filter>
    </ClCompile>
    <ClCompile Include="cFlyCamera.cpp">
      <Filter>Camera</Filter>
    </ClCompile>
    <ClCompile Include="DebugMarker.cpp">
      <Filter>Debug</Filter>
    </ClCompile>
    <ClCompile Include="JsonIOHandler.cpp">
      <Filter>Debug\JSON</Filter>
    </ClCompile>
    <ClCompile Include="C24BitBMPpixel.cpp">
      <Filter>TextureManager</Filter>
    </ClCompile>
    <ClCompile Include="cBasicTextureManager.cpp">
      <Filter>TextureManager</Filter>
    </ClCompile>
    <ClCompile Include="CTextureFromBMP.cpp">
      <Filter>TextureManager</Filter>
    </ClCompile>
    <ClCompile Include="MainHelpers.cpp">
      <Filter>Source Files</Filter>
    </ClCompile>
    <ClCompile Include="Player.cpp">
      <Filter>PlayerStuff</Filter>
    </ClCompile>
    <ClCompile Include="Entity.cpp">
      <Filter>Commands And Adjencent\Entities</Filter>
    </ClCompile>
    <ClCompile Include="TreasureEntity.cpp">
      <Filter>Commands And Adjencent\Entities</Filter>
    </ClCompile>
    <ClCompile Include="cLoader.cpp">
      <Filter>Loader</Filter>
    </ClCompile>
    <ClCompile Include="SceneManager.cpp">
      <Filter>SceneStuff</Filter>
    </ClCompile>
    <ClCompile Include="PlatformEntity.cpp">
      <Filter>Commands And Adjencent\Entities</Filter>
    </ClCompile>
    <ClCompile Include="ButtonEntity.cpp">
      <Filter>Commands And Adjencent\Entities</Filter>
    </ClCompile>
    <ClCompile Include="cLevel.cpp">
      <Filter>LuCaSstuFF</Filter>
    </ClCompile>
  </ItemGroup>
  <ItemGroup>
    <ClInclude Include="linmath.h">
      <Filter>Header Files</Filter>
    </ClInclude>
    <ClInclude Include="Vertex_Types.h">
      <Filter>Source Files</Filter>
    </ClInclude>
    <ClInclude Include="GLCommon.h">
      <Filter>Header Files</Filter>
    </ClInclude>
    <ClInclude Include="Mesh.h">
      <Filter>Meshes</Filter>
    </ClInclude>
    <ClInclude Include="VAOManager.h">
      <Filter>Meshes\VAOManager</Filter>
    </ClInclude>
    <ClInclude Include="ShaderManager.h">
      <Filter>ShaderManager</Filter>
    </ClInclude>
    <ClInclude Include="LightHelper.h">
      <Filter>LightManager</Filter>
    </ClInclude>
    <ClInclude Include="LightManager.h">
      <Filter>LightManager</Filter>
    </ClInclude>
    <ClInclude Include="iCamera.h">
      <Filter>Camera</Filter>
    </ClInclude>
    <ClInclude Include="cFlyCamera.h">
      <Filter>Camera</Filter>
    </ClInclude>
    <ClInclude Include="DebugMarker.h">
      <Filter>Debug</Filter>
    </ClInclude>
    <ClInclude Include="JsonIOHandler.h">
      <Filter>Debug\JSON</Filter>
    </ClInclude>
    <ClInclude Include="C24BitBMPpixel.h">
      <Filter>TextureManager</Filter>
    </ClInclude>
    <ClInclude Include="cBasicTextureManager.h">
      <Filter>TextureManager</Filter>
    </ClInclude>
    <ClInclude Include="CTextureFromBMP.h">
      <Filter>TextureManager</Filter>
    </ClInclude>
    <ClInclude Include="Command.h">
      <Filter>Commands And Adjencent</Filter>
    </ClInclude>
    <ClInclude Include="MainHelpers.h">
      <Filter>Header Files</Filter>
    </ClInclude>
    <ClInclude Include="Player.h">
      <Filter>PlayerStuff</Filter>
    </ClInclude>
    <ClInclude Include="Entity.h">
      <Filter>Commands And Adjencent\Entities</Filter>
    </ClInclude>
    <ClInclude Include="TreasureEntity.h">
      <Filter>Commands And Adjencent\Entities</Filter>
    </ClInclude>
    <ClInclude Include="cLoader.h">
      <Filter>Loader</Filter>
    </ClInclude>
    <ClInclude Include="PlatformEntity.h">
      <Filter>Commands And Adjencent\Entities</Filter>
    </ClInclude>
    <ClInclude Include="SceneManager.h">
      <Filter>SceneStuff</Filter>
    </ClInclude>
    <ClInclude Include="ButtonEntity.h">
      <Filter>Commands And Adjencent\Entities</Filter>
    </ClInclude>
    <ClInclude Include="cButton.h">
      <Filter>LuCaSstuFF</Filter>
    </ClInclude>
    <ClInclude Include="cLevel.h">
      <Filter>LuCaSstuFF</Filter>
    </ClInclude>
    <ClInclude Include="sPlataform.h">
      <Filter>LuCaSstuFF</Filter>
    </ClInclude>
  </ItemGroup>
  <ItemGroup>
    <None Include="RecentModel.json">
      <Filter>Debug\JSON</Filter>
    </None>
    <None Include="RecentLight.json">
      <Filter>Debug\JSON</Filter>
    </None>
    <None Include="SceneLights.json">
      <Filter>Debug\JSON</Filter>
    </None>
    <None Include="SceneModels.json">
      <Filter>Debug\JSON</Filter>
    </None>
    <None Include="SceneAnims.json">
      <Filter>Debug\JSON</Filter>
    </None>
    <None Include="assets\LevelList.json">
      <Filter>ExternConfig</Filter>
    </None>
    <None Include="assets\levels\level1.json">
      <Filter>ExternConfig</Filter>
    </None>
    <None Include="assets\levels\level2.json">
      <Filter>ExternConfig</Filter>
    </None>
    <None Include="assets\levels\level3.json">
      <Filter>ExternConfig</Filter>
    </None>
  </ItemGroup>
  <ItemGroup>
    <Text Include="testLights.txt">
      <Filter>ExternConfig</Filter>
    </Text>
    <Text Include="textures.txt">
      <Filter>ExternConfig</Filter>
    </Text>
  </ItemGroup>
</Project>